
Microsoft Visual Studio Solution File, Format Version 12.00
# Visual Studio Version 17
VisualStudioVersion = 17.14.36121.58 d17.14
MinimumVisualStudioVersion = 10.0.40219.1
Project("{FAE04EC0-301F-11D3-BF4B-00C04F79EFBC}") = "MauiDataApp", "MauiDataApp\MauiDataApp.csproj", "{17CD2B1D-B3A2-4967-9CDB-B7CBAE1CFCAD}"
EndProject
Global
	GlobalSection(SolutionConfigurationPlatforms) = preSolution
		Debug|Any CPU = Debug|Any CPU
		Release|Any CPU = Release|Any CPU
	EndGlobalSection
	GlobalSection(ProjectConfigurationPlatforms) = postSolution
		{17CD2B1D-B3A2-4967-9CDB-B7CBAE1CFCAD}.Debug|Any CPU.ActiveCfg = Debug|Any CPU
		{17CD2B1D-B3A2-4967-9CDB-B7CBAE1CFCAD}.Debug|Any CPU.Build.0 = Debug|Any CPU
		{17CD2B1D-B3A2-4967-9CDB-B7CBAE1CFCAD}.Release|Any CPU.ActiveCfg = Release|Any CPU
		{17CD2B1D-B3A2-4967-9CDB-B7CBAE1CFCAD}.Release|Any CPU.Build.0 = Release|Any CPU
	EndGlobalSection
	GlobalSection(SolutionProperties) = preSolution
		HideSolutionNode = FALSE
	EndGlobalSection
	GlobalSection(ExtensibilityGlobals) = postSolution
		SolutionGuid = {63AF0111-9EE5-445F-8361-03D66BC304FA}
	EndGlobalSection
EndGlobal
